// !$*UTF8*$!
{
	archiveVersion = 1;
	classes = {
	};
	objectVersion = 50;
	objects = {

/* Begin PBXBuildFile section */
		973B92F02245A8A100FC557A /* AppDelegate.swift in Sources */ = {isa = PBXBuildFile; fileRef = 973B92EF2245A8A100FC557A /* AppDelegate.swift */; };
		973B92F22245A8A100FC557A /* ViewController.swift in Sources */ = {isa = PBXBuildFile; fileRef = 973B92F12245A8A100FC557A /* ViewController.swift */; };
		973B92F52245A8A100FC557A /* Main.storyboard in Resources */ = {isa = PBXBuildFile; fileRef = 973B92F32245A8A100FC557A /* Main.storyboard */; };
		973B92F72245A8A200FC557A /* Assets.xcassets in Resources */ = {isa = PBXBuildFile; fileRef = 973B92F62245A8A200FC557A /* Assets.xcassets */; };
		973B92FA2245A8A200FC557A /* LaunchScreen.storyboard in Resources */ = {isa = PBXBuildFile; fileRef = 973B92F82245A8A200FC557A /* LaunchScreen.storyboard */; };
		973B93052245A8A200FC557A /* PureTests.swift in Sources */ = {isa = PBXBuildFile; fileRef = 973B93042245A8A200FC557A /* PureTests.swift */; };
		973B93102245A8A200FC557A /* PureUITests.swift in Sources */ = {isa = PBXBuildFile; fileRef = 973B930F2245A8A200FC557A /* PureUITests.swift */; };
		9741A446224701F0003965E7 /* ApiGetViewController.swift in Sources */ = {isa = PBXBuildFile; fileRef = 9741A444224701F0003965E7 /* ApiGetViewController.swift */; };
		9741A447224701F0003965E7 /* ApiGetViewController.xib in Resources */ = {isa = PBXBuildFile; fileRef = 9741A445224701F0003965E7 /* ApiGetViewController.xib */; };
		97F3568A2246367C00B5A62D /* Localizable.strings in Resources */ = {isa = PBXBuildFile; fileRef = 97F3568C2246367C00B5A62D /* Localizable.strings */; };
		97F356902246394F00B5A62D /* String+Localized.swift in Sources */ = {isa = PBXBuildFile; fileRef = 97F3568F2246394F00B5A62D /* String+Localized.swift */; };
		97F5B18B2245D81B009C2125 /* NSObject+AppLog.swift in Sources */ = {isa = PBXBuildFile; fileRef = 97F5B18A2245D81B009C2125 /* NSObject+AppLog.swift */; };
		97F5B18F2245FD02009C2125 /* HomeViewController.swift in Sources */ = {isa = PBXBuildFile; fileRef = 97F5B18D2245FD02009C2125 /* HomeViewController.swift */; };
		97F5B1902245FD02009C2125 /* HomeViewController.xib in Resources */ = {isa = PBXBuildFile; fileRef = 97F5B18E2245FD02009C2125 /* HomeViewController.xib */; };
		97F5B1922245FD3D009C2125 /* BaseViewController.swift in Sources */ = {isa = PBXBuildFile; fileRef = 97F5B1912245FD3D009C2125 /* BaseViewController.swift */; };
/* End PBXBuildFile section */

/* Begin PBXContainerItemProxy section */
		973B93012245A8A200FC557A /* PBXContainerItemProxy */ = {
			isa = PBXContainerItemProxy;
			containerPortal = 973B92E42245A8A100FC557A /* Project object */;
			proxyType = 1;
			remoteGlobalIDString = 973B92EB2245A8A100FC557A;
			remoteInfo = Pure;
		};
		973B930C2245A8A200FC557A /* PBXContainerItemProxy */ = {
			isa = PBXContainerItemProxy;
			containerPortal = 973B92E42245A8A100FC557A /* Project object */;
			proxyType = 1;
			remoteGlobalIDString = 973B92EB2245A8A100FC557A;
			remoteInfo = Pure;
		};
/* End PBXContainerItemProxy section */

/* Begin PBXFileReference section */
		973B92EC2245A8A100FC557A /* Pure.app */ = {isa = PBXFileReference; explicitFileType = wrapper.application; includeInIndex = 0; path = Pure.app; sourceTree = BUILT_PRODUCTS_DIR; };
		973B92EF2245A8A100FC557A /* AppDelegate.swift */ = {isa = PBXFileReference; lastKnownFileType = sourcecode.swift; path = AppDelegate.swift; sourceTree = "<group>"; };
		973B92F12245A8A100FC557A /* ViewController.swift */ = {isa = PBXFileReference; lastKnownFileType = sourcecode.swift; path = ViewController.swift; sourceTree = "<group>"; };
		973B92F42245A8A100FC557A /* Base */ = {isa = PBXFileReference; lastKnownFileType = file.storyboard; name = Base; path = Base.lproj/Main.storyboard; sourceTree = "<group>"; };
		973B92F62245A8A200FC557A /* Assets.xcassets */ = {isa = PBXFileReference; lastKnownFileType = folder.assetcatalog; path = Assets.xcassets; sourceTree = "<group>"; };
		973B92F92245A8A200FC557A /* Base */ = {isa = PBXFileReference; lastKnownFileType = file.storyboard; name = Base; path = Base.lproj/LaunchScreen.storyboard; sourceTree = "<group>"; };
		973B92FB2245A8A200FC557A /* Info.plist */ = {isa = PBXFileReference; lastKnownFileType = text.plist.xml; path = Info.plist; sourceTree = "<group>"; };
		973B93002245A8A200FC557A /* PureTests.xctest */ = {isa = PBXFileReference; explicitFileType = wrapper.cfbundle; includeInIndex = 0; path = PureTests.xctest; sourceTree = BUILT_PRODUCTS_DIR; };
		973B93042245A8A200FC557A /* PureTests.swift */ = {isa = PBXFileReference; lastKnownFileType = sourcecode.swift; path = PureTests.swift; sourceTree = "<group>"; };
		973B93062245A8A200FC557A /* Info.plist */ = {isa = PBXFileReference; lastKnownFileType = text.plist.xml; path = Info.plist; sourceTree = "<group>"; };
		973B930B2245A8A200FC557A /* PureUITests.xctest */ = {isa = PBXFileReference; explicitFileType = wrapper.cfbundle; includeInIndex = 0; path = PureUITests.xctest; sourceTree = BUILT_PRODUCTS_DIR; };
		973B930F2245A8A200FC557A /* PureUITests.swift */ = {isa = PBXFileReference; lastKnownFileType = sourcecode.swift; path = PureUITests.swift; sourceTree = "<group>"; };
		973B93112245A8A200FC557A /* Info.plist */ = {isa = PBXFileReference; lastKnownFileType = text.plist.xml; path = Info.plist; sourceTree = "<group>"; };
		9741A444224701F0003965E7 /* ApiGetViewController.swift */ = {isa = PBXFileReference; lastKnownFileType = sourcecode.swift; path = ApiGetViewController.swift; sourceTree = "<group>"; };
		9741A445224701F0003965E7 /* ApiGetViewController.xib */ = {isa = PBXFileReference; lastKnownFileType = file.xib; path = ApiGetViewController.xib; sourceTree = "<group>"; };
		97F3568B2246367C00B5A62D /* en */ = {isa = PBXFileReference; lastKnownFileType = text.plist.strings; name = en; path = en.lproj/Localizable.strings; sourceTree = "<group>"; };
		97F3568D224636AE00B5A62D /* ja */ = {isa = PBXFileReference; lastKnownFileType = text.plist.strings; name = ja; path = ja.lproj/Localizable.strings; sourceTree = "<group>"; };
		97F3568F2246394F00B5A62D /* String+Localized.swift */ = {isa = PBXFileReference; lastKnownFileType = sourcecode.swift; path = "String+Localized.swift"; sourceTree = "<group>"; };
		97F5B18A2245D81B009C2125 /* NSObject+AppLog.swift */ = {isa = PBXFileReference; lastKnownFileType = sourcecode.swift; path = "NSObject+AppLog.swift"; sourceTree = "<group>"; };
		97F5B18D2245FD02009C2125 /* HomeViewController.swift */ = {isa = PBXFileReference; lastKnownFileType = sourcecode.swift; path = HomeViewController.swift; sourceTree = "<group>"; };
		97F5B18E2245FD02009C2125 /* HomeViewController.xib */ = {isa = PBXFileReference; lastKnownFileType = file.xib; path = HomeViewController.xib; sourceTree = "<group>"; };
		97F5B1912245FD3D009C2125 /* BaseViewController.swift */ = {isa = PBXFileReference; lastKnownFileType = sourcecode.swift; path = BaseViewController.swift; sourceTree = "<group>"; };
/* End PBXFileReference section */

/* Begin PBXFrameworksBuildPhase section */
		973B92E92245A8A100FC557A /* Frameworks */ = {
			isa = PBXFrameworksBuildPhase;
			buildActionMask = 2147483647;
			files = (
			);
			runOnlyForDeploymentPostprocessing = 0;
		};
		973B92FD2245A8A200FC557A /* Frameworks */ = {
			isa = PBXFrameworksBuildPhase;
			buildActionMask = 2147483647;
			files = (
			);
			runOnlyForDeploymentPostprocessing = 0;
		};
		973B93082245A8A200FC557A /* Frameworks */ = {
			isa = PBXFrameworksBuildPhase;
			buildActionMask = 2147483647;
			files = (
			);
			runOnlyForDeploymentPostprocessing = 0;
		};
/* End PBXFrameworksBuildPhase section */

/* Begin PBXGroup section */
		973B92E32245A8A100FC557A = {
			isa = PBXGroup;
			children = (
				973B92EE2245A8A100FC557A /* Pure */,
				973B93032245A8A200FC557A /* PureTests */,
				973B930E2245A8A200FC557A /* PureUITests */,
				973B92ED2245A8A100FC557A /* Products */,
			);
			sourceTree = "<group>";
		};
		973B92ED2245A8A100FC557A /* Products */ = {
			isa = PBXGroup;
			children = (
				973B92EC2245A8A100FC557A /* Pure.app */,
				973B93002245A8A200FC557A /* PureTests.xctest */,
				973B930B2245A8A200FC557A /* PureUITests.xctest */,
			);
			name = Products;
			sourceTree = "<group>";
		};
		973B92EE2245A8A100FC557A /* Pure */ = {
			isa = PBXGroup;
			children = (
				97F5B1892245D7F0009C2125 /* Extensions */,
				97F5B18C2245FCE3009C2125 /* Pages */,
				973B92EF2245A8A100FC557A /* AppDelegate.swift */,
				973B92F12245A8A100FC557A /* ViewController.swift */,
				973B92F32245A8A100FC557A /* Main.storyboard */,
				973B92F62245A8A200FC557A /* Assets.xcassets */,
				973B92F82245A8A200FC557A /* LaunchScreen.storyboard */,
				973B92FB2245A8A200FC557A /* Info.plist */,
				97F3568C2246367C00B5A62D /* Localizable.strings */,
			);
			path = Pure;
			sourceTree = "<group>";
		};
		973B93032245A8A200FC557A /* PureTests */ = {
			isa = PBXGroup;
			children = (
				973B93042245A8A200FC557A /* PureTests.swift */,
				973B93062245A8A200FC557A /* Info.plist */,
			);
			path = PureTests;
			sourceTree = "<group>";
		};
		973B930E2245A8A200FC557A /* PureUITests */ = {
			isa = PBXGroup;
			children = (
				973B930F2245A8A200FC557A /* PureUITests.swift */,
				973B93112245A8A200FC557A /* Info.plist */,
			);
			path = PureUITests;
			sourceTree = "<group>";
		};
		97F5B1892245D7F0009C2125 /* Extensions */ = {
			isa = PBXGroup;
			children = (
				97F5B18A2245D81B009C2125 /* NSObject+AppLog.swift */,
				97F3568F2246394F00B5A62D /* String+Localized.swift */,
			);
			path = Extensions;
			sourceTree = "<group>";
		};
		97F5B18C2245FCE3009C2125 /* Pages */ = {
			isa = PBXGroup;
			children = (
				97F5B1912245FD3D009C2125 /* BaseViewController.swift */,
				97F5B18D2245FD02009C2125 /* HomeViewController.swift */,
				97F5B18E2245FD02009C2125 /* HomeViewController.xib */,
				9741A444224701F0003965E7 /* ApiGetViewController.swift */,
				9741A445224701F0003965E7 /* ApiGetViewController.xib */,
			);
			path = Pages;
			sourceTree = "<group>";
		};
/* End PBXGroup section */

/* Begin PBXNativeTarget section */
		973B92EB2245A8A100FC557A /* Pure */ = {
			isa = PBXNativeTarget;
			buildConfigurationList = 973B93142245A8A200FC557A /* Build configuration list for PBXNativeTarget "Pure" */;
			buildPhases = (
				973B92E82245A8A100FC557A /* Sources */,
				973B92E92245A8A100FC557A /* Frameworks */,
				973B92EA2245A8A100FC557A /* Resources */,
				973B931D2245AF6A00FC557A /* ShellScript */,
			);
			buildRules = (
			);
			dependencies = (
			);
			name = Pure;
			productName = Pure;
			productReference = 973B92EC2245A8A100FC557A /* Pure.app */;
			productType = "com.apple.product-type.application";
		};
		973B92FF2245A8A200FC557A /* PureTests */ = {
			isa = PBXNativeTarget;
			buildConfigurationList = 973B93172245A8A200FC557A /* Build configuration list for PBXNativeTarget "PureTests" */;
			buildPhases = (
				973B92FC2245A8A200FC557A /* Sources */,
				973B92FD2245A8A200FC557A /* Frameworks */,
				973B92FE2245A8A200FC557A /* Resources */,
			);
			buildRules = (
			);
			dependencies = (
				973B93022245A8A200FC557A /* PBXTargetDependency */,
			);
			name = PureTests;
			productName = PureTests;
			productReference = 973B93002245A8A200FC557A /* PureTests.xctest */;
			productType = "com.apple.product-type.bundle.unit-test";
		};
		973B930A2245A8A200FC557A /* PureUITests */ = {
			isa = PBXNativeTarget;
			buildConfigurationList = 973B931A2245A8A200FC557A /* Build configuration list for PBXNativeTarget "PureUITests" */;
			buildPhases = (
				973B93072245A8A200FC557A /* Sources */,
				973B93082245A8A200FC557A /* Frameworks */,
				973B93092245A8A200FC557A /* Resources */,
			);
			buildRules = (
			);
			dependencies = (
				973B930D2245A8A200FC557A /* PBXTargetDependency */,
			);
			name = PureUITests;
			productName = PureUITests;
			productReference = 973B930B2245A8A200FC557A /* PureUITests.xctest */;
			productType = "com.apple.product-type.bundle.ui-testing";
		};
/* End PBXNativeTarget section */

/* Begin PBXProject section */
		973B92E42245A8A100FC557A /* Project object */ = {
			isa = PBXProject;
			attributes = {
				LastSwiftUpdateCheck = 1010;
				LastUpgradeCheck = 1010;
				ORGANIZATIONNAME = "yono-ap";
				TargetAttributes = {
					973B92EB2245A8A100FC557A = {
						CreatedOnToolsVersion = 10.1;
					};
					973B92FF2245A8A200FC557A = {
						CreatedOnToolsVersion = 10.1;
						TestTargetID = 973B92EB2245A8A100FC557A;
					};
					973B930A2245A8A200FC557A = {
						CreatedOnToolsVersion = 10.1;
						TestTargetID = 973B92EB2245A8A100FC557A;
					};
				};
			};
			buildConfigurationList = 973B92E72245A8A100FC557A /* Build configuration list for PBXProject "Pure" */;
			compatibilityVersion = "Xcode 9.3";
			developmentRegion = en;
			hasScannedForEncodings = 0;
			knownRegions = (
				en,
				Base,
				ja,
			);
			mainGroup = 973B92E32245A8A100FC557A;
			productRefGroup = 973B92ED2245A8A100FC557A /* Products */;
			projectDirPath = "";
			projectRoot = "";
			targets = (
				973B92EB2245A8A100FC557A /* Pure */,
				973B92FF2245A8A200FC557A /* PureTests */,
				973B930A2245A8A200FC557A /* PureUITests */,
			);
		};
/* End PBXProject section */

/* Begin PBXResourcesBuildPhase section */
		973B92EA2245A8A100FC557A /* Resources */ = {
			isa = PBXResourcesBuildPhase;
			buildActionMask = 2147483647;
			files = (
				9741A447224701F0003965E7 /* ApiGetViewController.xib in Resources */,
				97F3568A2246367C00B5A62D /* Localizable.strings in Resources */,
				973B92FA2245A8A200FC557A /* LaunchScreen.storyboard in Resources */,
				973B92F72245A8A200FC557A /* Assets.xcassets in Resources */,
				973B92F52245A8A100FC557A /* Main.storyboard in Resources */,
				97F5B1902245FD02009C2125 /* HomeViewController.xib in Resources */,
			);
			runOnlyForDeploymentPostprocessing = 0;
		};
		973B92FE2245A8A200FC557A /* Resources */ = {
			isa = PBXResourcesBuildPhase;
			buildActionMask = 2147483647;
			files = (
			);
			runOnlyForDeploymentPostprocessing = 0;
		};
		973B93092245A8A200FC557A /* Resources */ = {
			isa = PBXResourcesBuildPhase;
			buildActionMask = 2147483647;
			files = (
			);
			runOnlyForDeploymentPostprocessing = 0;
		};
/* End PBXResourcesBuildPhase section */

/* Begin PBXShellScriptBuildPhase section */
		973B931D2245AF6A00FC557A /* ShellScript */ = {
			isa = PBXShellScriptBuildPhase;
			buildActionMask = 2147483647;
			files = (
			);
			inputFileListPaths = (
			);
			inputPaths = (
			);
			outputFileListPaths = (
			);
			outputPaths = (
			);
			runOnlyForDeploymentPostprocessing = 0;
			shellPath = /bin/sh;
			shellScript = "if which swiftlint >/dev/null; then\n  swiftlint autocorrect --format\n  swiftlint\nelse\n  echo \"warning: SwiftLint not installed, download from https://github.com/realm/SwiftLint\"\nfi\n";
		};
/* End PBXShellScriptBuildPhase section */

/* Begin PBXSourcesBuildPhase section */
		973B92E82245A8A100FC557A /* Sources */ = {
			isa = PBXSourcesBuildPhase;
			buildActionMask = 2147483647;
			files = (
				97F356902246394F00B5A62D /* String+Localized.swift in Sources */,
				97F5B1922245FD3D009C2125 /* BaseViewController.swift in Sources */,
				973B92F22245A8A100FC557A /* ViewController.swift in Sources */,
				9741A446224701F0003965E7 /* ApiGetViewController.swift in Sources */,
				973B92F02245A8A100FC557A /* AppDelegate.swift in Sources */,
				97F5B18B2245D81B009C2125 /* NSObject+AppLog.swift in Sources */,
				97F5B18F2245FD02009C2125 /* HomeViewController.swift in Sources */,
			);
			runOnlyForDeploymentPostprocessing = 0;
		};
		973B92FC2245A8A200FC557A /* Sources */ = {
			isa = PBXSourcesBuildPhase;
			buildActionMask = 2147483647;
			files = (
				973B93052245A8A200FC557A /* PureTests.swift in Sources */,
			);
			runOnlyForDeploymentPostprocessing = 0;
		};
		973B93072245A8A200FC557A /* Sources */ = {
			isa = PBXSourcesBuildPhase;
			buildActionMask = 2147483647;
			files = (
				973B93102245A8A200FC557A /* PureUITests.swift in Sources */,
			);
			runOnlyForDeploymentPostprocessing = 0;
		};
/* End PBXSourcesBuildPhase section */

/* Begin PBXTargetDependency section */
		973B93022245A8A200FC557A /* PBXTargetDependency */ = {
			isa = PBXTargetDependency;
			target = 973B92EB2245A8A100FC557A /* Pure */;
			targetProxy = 973B93012245A8A200FC557A /* PBXContainerItemProxy */;
		};
		973B930D2245A8A200FC557A /* PBXTargetDependency */ = {
			isa = PBXTargetDependency;
			target = 973B92EB2245A8A100FC557A /* Pure */;
			targetProxy = 973B930C2245A8A200FC557A /* PBXContainerItemProxy */;
		};
/* End PBXTargetDependency section */

/* Begin PBXVariantGroup section */
		973B92F32245A8A100FC557A /* Main.storyboard */ = {
			isa = PBXVariantGroup;
			children = (
				973B92F42245A8A100FC557A /* Base */,
			);
			name = Main.storyboard;
			sourceTree = "<group>";
		};
		973B92F82245A8A200FC557A /* LaunchScreen.storyboard */ = {
			isa = PBXVariantGroup;
			children = (
				973B92F92245A8A200FC557A /* Base */,
			);
			name = LaunchScreen.storyboard;
			sourceTree = "<group>";
		};
		97F3568C2246367C00B5A62D /* Localizable.strings */ = {
			isa = PBXVariantGroup;
			children = (
				97F3568B2246367C00B5A62D /* en */,
				97F3568D224636AE00B5A62D /* ja */,
			);
			name = Localizable.strings;
			sourceTree = "<group>";
		};
/* End PBXVariantGroup section */

/* Begin XCBuildConfiguration section */
		973B93122245A8A200FC557A /* Debug */ = {
			isa = XCBuildConfiguration;
			buildSettings = {
				ALWAYS_SEARCH_USER_PATHS = NO;
				CLANG_ANALYZER_LOCALIZABILITY_NONLOCALIZED = YES;
				CLANG_ANALYZER_NONNULL = YES;
				CLANG_ANALYZER_NUMBER_OBJECT_CONVERSION = YES_AGGRESSIVE;
				CLANG_CXX_LANGUAGE_STANDARD = "gnu++14";
				CLANG_CXX_LIBRARY = "libc++";
				CLANG_ENABLE_MODULES = YES;
				CLANG_ENABLE_OBJC_ARC = YES;
				CLANG_ENABLE_OBJC_WEAK = YES;
				CLANG_WARN_BLOCK_CAPTURE_AUTORELEASING = YES;
				CLANG_WARN_BOOL_CONVERSION = YES;
				CLANG_WARN_COMMA = YES;
				CLANG_WARN_CONSTANT_CONVERSION = YES;
				CLANG_WARN_DEPRECATED_OBJC_IMPLEMENTATIONS = YES;
				CLANG_WARN_DIRECT_OBJC_ISA_USAGE = YES_ERROR;
				CLANG_WARN_DOCUMENTATION_COMMENTS = YES;
				CLANG_WARN_EMPTY_BODY = YES;
				CLANG_WARN_ENUM_CONVERSION = YES;
				CLANG_WARN_INFINITE_RECURSION = YES;
				CLANG_WARN_INT_CONVERSION = YES;
				CLANG_WARN_NON_LITERAL_NULL_CONVERSION = YES;
				CLANG_WARN_OBJC_IMPLICIT_RETAIN_SELF = YES;
				CLANG_WARN_OBJC_LITERAL_CONVERSION = YES;
				CLANG_WARN_OBJC_ROOT_CLASS = YES_ERROR;
				CLANG_WARN_RANGE_LOOP_ANALYSIS = YES;
				CLANG_WARN_STRICT_PROTOTYPES = YES;
				CLANG_WARN_SUSPICIOUS_MOVE = YES;
				CLANG_WARN_UNGUARDED_AVAILABILITY = YES_AGGRESSIVE;
				CLANG_WARN_UNREACHABLE_CODE = YES;
				CLANG_WARN__DUPLICATE_METHOD_MATCH = YES;
				CODE_SIGN_IDENTITY = "iPhone Developer";
				COPY_PHASE_STRIP = NO;
				DEBUG_INFORMATION_FORMAT = dwarf;
				ENABLE_STRICT_OBJC_MSGSEND = YES;
				ENABLE_TESTABILITY = YES;
				GCC_C_LANGUAGE_STANDARD = gnu11;
				GCC_DYNAMIC_NO_PIC = NO;
				GCC_NO_COMMON_BLOCKS = YES;
				GCC_OPTIMIZATION_LEVEL = 0;
				GCC_PREPROCESSOR_DEFINITIONS = (
					"DEBUG=1",
					"$(inherited)",
				);
				GCC_WARN_64_TO_32_BIT_CONVERSION = YES;
				GCC_WARN_ABOUT_RETURN_TYPE = YES_ERROR;
				GCC_WARN_UNDECLARED_SELECTOR = YES;
				GCC_WARN_UNINITIALIZED_AUTOS = YES_AGGRESSIVE;
				GCC_WARN_UNUSED_FUNCTION = YES;
				GCC_WARN_UNUSED_VARIABLE = YES;
				IPHONEOS_DEPLOYMENT_TARGET = 12.1;
				MTL_ENABLE_DEBUG_INFO = INCLUDE_SOURCE;
				MTL_FAST_MATH = YES;
				ONLY_ACTIVE_ARCH = YES;
				SDKROOT = iphoneos;
				SWIFT_ACTIVE_COMPILATION_CONDITIONS = DEBUG;
				SWIFT_OPTIMIZATION_LEVEL = "-Onone";
			};
			name = Debug;
		};
		973B93132245A8A200FC557A /* Release */ = {
			isa = XCBuildConfiguration;
			buildSettings = {
				ALWAYS_SEARCH_USER_PATHS = NO;
				CLANG_ANALYZER_LOCALIZABILITY_NONLOCALIZED = YES;
				CLANG_ANALYZER_NONNULL = YES;
				CLANG_ANALYZER_NUMBER_OBJECT_CONVERSION = YES_AGGRESSIVE;
				CLANG_CXX_LANGUAGE_STANDARD = "gnu++14";
				CLANG_CXX_LIBRARY = "libc++";
				CLANG_ENABLE_MODULES = YES;
				CLANG_ENABLE_OBJC_ARC = YES;
				CLANG_ENABLE_OBJC_WEAK = YES;
				CLANG_WARN_BLOCK_CAPTURE_AUTORELEASING = YES;
				CLANG_WARN_BOOL_CONVERSION = YES;
				CLANG_WARN_COMMA = YES;
				CLANG_WARN_CONSTANT_CONVERSION = YES;
				CLANG_WARN_DEPRECATED_OBJC_IMPLEMENTATIONS = YES;
				CLANG_WARN_DIRECT_OBJC_ISA_USAGE = YES_ERROR;
				CLANG_WARN_DOCUMENTATION_COMMENTS = YES;
				CLANG_WARN_EMPTY_BODY = YES;
				CLANG_WARN_ENUM_CONVERSION = YES;
				CLANG_WARN_INFINITE_RECURSION = YES;
				CLANG_WARN_INT_CONVERSION = YES;
				CLANG_WARN_NON_LITERAL_NULL_CONVERSION = YES;
				CLANG_WARN_OBJC_IMPLICIT_RETAIN_SELF = YES;
				CLANG_WARN_OBJC_LITERAL_CONVERSION = YES;
				CLANG_WARN_OBJC_ROOT_CLASS = YES_ERROR;
				CLANG_WARN_RANGE_LOOP_ANALYSIS = YES;
				CLANG_WARN_STRICT_PROTOTYPES = YES;
				CLANG_WARN_SUSPICIOUS_MOVE = YES;
				CLANG_WARN_UNGUARDED_AVAILABILITY = YES_AGGRESSIVE;
				CLANG_WARN_UNREACHABLE_CODE = YES;
				CLANG_WARN__DUPLICATE_METHOD_MATCH = YES;
				CODE_SIGN_IDENTITY = "iPhone Developer";
				COPY_PHASE_STRIP = NO;
				DEBUG_INFORMATION_FORMAT = "dwarf-with-dsym";
				ENABLE_NS_ASSERTIONS = NO;
				ENABLE_STRICT_OBJC_MSGSEND = YES;
				GCC_C_LANGUAGE_STANDARD = gnu11;
				GCC_NO_COMMON_BLOCKS = YES;
				GCC_WARN_64_TO_32_BIT_CONVERSION = YES;
				GCC_WARN_ABOUT_RETURN_TYPE = YES_ERROR;
				GCC_WARN_UNDECLARED_SELECTOR = YES;
				GCC_WARN_UNINITIALIZED_AUTOS = YES_AGGRESSIVE;
				GCC_WARN_UNUSED_FUNCTION = YES;
				GCC_WARN_UNUSED_VARIABLE = YES;
				IPHONEOS_DEPLOYMENT_TARGET = 12.1;
				MTL_ENABLE_DEBUG_INFO = NO;
				MTL_FAST_MATH = YES;
				SDKROOT = iphoneos;
				SWIFT_COMPILATION_MODE = wholemodule;
				SWIFT_OPTIMIZATION_LEVEL = "-O";
				VALIDATE_PRODUCT = YES;
			};
			name = Release;
		};
		973B93152245A8A200FC557A /* Debug */ = {
			isa = XCBuildConfiguration;
			buildSettings = {
				ASSETCATALOG_COMPILER_APPICON_NAME = AppIcon;
				CODE_SIGN_STYLE = Automatic;
				INFOPLIST_FILE = Pure/Info.plist;
				LD_RUNPATH_SEARCH_PATHS = (
					"$(inherited)",
					"@executable_path/Frameworks",
				);
				PRODUCT_BUNDLE_IDENTIFIER = "com.yono-ap.Pure";
				PRODUCT_NAME = "$(TARGET_NAME)";
				SWIFT_VERSION = 4.2;
				TARGETED_DEVICE_FAMILY = "1,2";
			};
			name = Debug;
		};
		973B93162245A8A200FC557A /* Release */ = {
			isa = XCBuildConfiguration;
			buildSettings = {
				ASSETCATALOG_COMPILER_APPICON_NAME = AppIcon;
				CODE_SIGN_STYLE = Automatic;
				INFOPLIST_FILE = Pure/Info.plist;
				LD_RUNPATH_SEARCH_PATHS = (
					"$(inherited)",
					"@executable_path/Frameworks",
				);
				PRODUCT_BUNDLE_IDENTIFIER = "com.yono-ap.Pure";
				PRODUCT_NAME = "$(TARGET_NAME)";
				SWIFT_VERSION = 4.2;
				TARGETED_DEVICE_FAMILY = "1,2";
			};
			name = Release;
		};
		973B93182245A8A200FC557A /* Debug */ = {
			isa = XCBuildConfiguration;
			buildSettings = {
				ALWAYS_EMBED_SWIFT_STANDARD_LIBRARIES = YES;
				BUNDLE_LOADER = "$(TEST_HOST)";
				CODE_SIGN_STYLE = Automatic;
				INFOPLIST_FILE = PureTests/Info.plist;
				LD_RUNPATH_SEARCH_PATHS = (
					"$(inherited)",
					"@executable_path/Frameworks",
					"@loader_path/Frameworks",
				);
				PRODUCT_BUNDLE_IDENTIFIER = "com.yono-ap.PureTests";
				PRODUCT_NAME = "$(TARGET_NAME)";
				SWIFT_VERSION = 4.2;
				TARGETED_DEVICE_FAMILY = "1,2";
				TEST_HOST = "$(BUILT_PRODUCTS_DIR)/Pure.app/Pure";
			};
			name = Debug;
		};
		973B93192245A8A200FC557A /* Release */ = {
			isa = XCBuildConfiguration;
			buildSettings = {
				ALWAYS_EMBED_SWIFT_STANDARD_LIBRARIES = YES;
				BUNDLE_LOADER = "$(TEST_HOST)";
				CODE_SIGN_STYLE = Automatic;
				INFOPLIST_FILE = PureTests/Info.plist;
				LD_RUNPATH_SEARCH_PATHS = (
					"$(inherited)",
					"@executable_path/Frameworks",
					"@loader_path/Frameworks",
				);
				PRODUCT_BUNDLE_IDENTIFIER = "com.yono-ap.PureTests";
				PRODUCT_NAME = "$(TARGET_NAME)";
				SWIFT_VERSION = 4.2;
				TARGETED_DEVICE_FAMILY = "1,2";
				TEST_HOST = "$(BUILT_PRODUCTS_DIR)/Pure.app/Pure";
			};
			name = Release;
		};
		973B931B2245A8A200FC557A /* Debug */ = {
			isa = XCBuildConfiguration;
			buildSettings = {
				ALWAYS_EMBED_SWIFT_STANDARD_LIBRARIES = YES;
				CODE_SIGN_STYLE = Automatic;
				INFOPLIST_FILE = PureUITests/Info.plist;
				LD_RUNPATH_SEARCH_PATHS = (
					"$(inherited)",
					"@executable_path/Frameworks",
					"@loader_path/Frameworks",
				);
				PRODUCT_BUNDLE_IDENTIFIER = "com.yono-ap.PureUITests";
				PRODUCT_NAME = "$(TARGET_NAME)";
				SWIFT_VERSION = 4.2;
				TARGETED_DEVICE_FAMILY = "1,2";
				TEST_TARGET_NAME = Pure;
			};
			name = Debug;
		};
		973B931C2245A8A200FC557A /* Release */ = {
			isa = XCBuildConfiguration;
			buildSettings = {
				ALWAYS_EMBED_SWIFT_STANDARD_LIBRARIES = YES;
				CODE_SIGN_STYLE = Automatic;
				INFOPLIST_FILE = PureUITests/Info.plist;
				LD_RUNPATH_SEARCH_PATHS = (
					"$(inherited)",
					"@executable_path/Frameworks",
					"@loader_path/Frameworks",
				);
				PRODUCT_BUNDLE_IDENTIFIER = "com.yono-ap.PureUITests";
				PRODUCT_NAME = "$(TARGET_NAME)";
				SWIFT_VERSION = 4.2;
				TARGETED_DEVICE_FAMILY = "1,2";
				TEST_TARGET_NAME = Pure;
			};
			name = Release;
		};
/* End XCBuildConfiguration section */

/* Begin XCConfigurationList section */
		973B92E72245A8A100FC557A /* Build configuration list for PBXProject "Pure" */ = {
			isa = XCConfigurationList;
			buildConfigurations = (
				973B93122245A8A200FC557A /* Debug */,
				973B93132245A8A200FC557A /* Release */,
			);
			defaultConfigurationIsVisible = 0;
			defaultConfigurationName = Release;
		};
		973B93142245A8A200FC557A /* Build configuration list for PBXNativeTarget "Pure" */ = {
			isa = XCConfigurationList;
			buildConfigurations = (
				973B93152245A8A200FC557A /* Debug */,
				973B93162245A8A200FC557A /* Release */,
			);
			defaultConfigurationIsVisible = 0;
			defaultConfigurationName = Release;
		};
		973B93172245A8A200FC557A /* Build configuration list for PBXNativeTarget "PureTests" */ = {
			isa = XCConfigurationList;
			buildConfigurations = (
				973B93182245A8A200FC557A /* Debug */,
				973B93192245A8A200FC557A /* Release */,
			);
			defaultConfigurationIsVisible = 0;
			defaultConfigurationName = Release;
		};
		973B931A2245A8A200FC557A /* Build configuration list for PBXNativeTarget "PureUITests" */ = {
			isa = XCConfigurationList;
			buildConfigurations = (
				973B931B2245A8A200FC557A /* Debug */,
				973B931C2245A8A200FC557A /* Release */,
			);
			defaultConfigurationIsVisible = 0;
			defaultConfigurationName = Release;
		};
/* End XCConfigurationList section */
	};
	rootObject = 973B92E42245A8A100FC557A /* Project object */;
}
